
Microsoft Visual Studio Solution File, Format Version 12.00
# Visual Studio Version 17
VisualStudioVersion = 17.8.34408.163
MinimumVisualStudioVersion = 10.0.40219.1
Project("{2150E333-8FDC-42A3-9474-1A3956D46DE8}") = "Services", "Services", "{AF1D6244-B897-495A-9759-5BF12FDC4043}"
EndProject
Project("{2150E333-8FDC-42A3-9474-1A3956D46DE8}") = "AuthAPI", "AuthAPI", "{EAA7A054-7430-4150-8EF9-8CD0AC9B12B5}"
EndProject
Project("{9A19103F-16F7-4668-BE54-9A1E7A4F7556}") = "VistaBasket.Auth.WebAPI", "VistaBasket.Auth.WebAPI\VistaBasket.Auth.WebAPI.csproj", "{B28073B8-55B3-4697-B0B0-C0F4ADDD805F}"
EndProject
Project("{9A19103F-16F7-4668-BE54-9A1E7A4F7556}") = "VistaBasket.Auth.Data", "VistaBasket.Auth.Data\VistaBasket.Auth.Data.csproj", "{3E6FBE6E-467E-4506-BA60-1851DEEA482F}"
EndProject
Project("{9A19103F-16F7-4668-BE54-9A1E7A4F7556}") = "VistaBasket.Auth.Entities", "VistaBasket.Auth.Entities\VistaBasket.Auth.Entities.csproj", "{46E29843-9BC6-4AD8-9E89-9630FDF676F2}"
EndProject
Project("{9A19103F-16F7-4668-BE54-9A1E7A4F7556}") = "VistaBasket.Auth.Service", "VistaBasket.Auth.Service\VistaBasket.Auth.Service.csproj", "{E7AF5B83-23E9-48E0-AE14-2E835903A261}"
EndProject
Project("{2150E333-8FDC-42A3-9474-1A3956D46DE8}") = "CatalogAPI", "CatalogAPI", "{204EA14E-7061-4B11-83A5-35C31A5397A2}"
EndProject
Project("{9A19103F-16F7-4668-BE54-9A1E7A4F7556}") = "VistaBasket.Catalog.WebAPI", "VistaBasket.Catalog.WebAPI\VistaBasket.Catalog.WebAPI.csproj", "{C12B7CC9-D363-4F9E-88DE-1C7FD270C873}"
EndProject
Project("{9A19103F-16F7-4668-BE54-9A1E7A4F7556}") = "VistaBasket.Catalog.Data", "VistaBasket.Catalog.Data\VistaBasket.Catalog.Data.csproj", "{73AFFEA8-732E-47C5-9269-3A11F7717981}"
EndProject
Project("{9A19103F-16F7-4668-BE54-9A1E7A4F7556}") = "VistaBasket.Catalog.Entities", "VistaBasket.Catalog.Entities\VistaBasket.Catalog.Entities.csproj", "{D12053FF-41E3-4AA2-ADE4-105969ADD875}"
EndProject
Project("{9A19103F-16F7-4668-BE54-9A1E7A4F7556}") = "VistaBasket.Catalog.Service", "VistaBasket.Catalog.Service\VistaBasket.Catalog.Service.csproj", "{54858CD1-77B1-42D7-80FE-D22107B1A048}"
EndProject
Project("{2150E333-8FDC-42A3-9474-1A3956D46DE8}") = "OrderAPI", "OrderAPI", "{F8B057E6-0AEA-459A-A8FB-D37E8897A7FC}"
EndProject
Project("{9A19103F-16F7-4668-BE54-9A1E7A4F7556}") = "VistaBasket.Order.WebAPI", "VistaBasket.Order.WebAPI\VistaBasket.Order.WebAPI.csproj", "{4E086A85-3C16-425B-87F7-2EB49501190B}"
EndProject
Project("{9A19103F-16F7-4668-BE54-9A1E7A4F7556}") = "VistaBasket.Order.Data", "VistaBasket.Order.Data\VistaBasket.Order.Data.csproj", "{56EA9CCE-0C7E-4A6B-8703-2341D6C8F22D}"
EndProject
Project("{9A19103F-16F7-4668-BE54-9A1E7A4F7556}") = "VistaBasket.Order.Entities", "VistaBasket.Order.Entities\VistaBasket.Order.Entities.csproj", "{9F098841-3AD4-475A-9F7F-912752F2799A}"
EndProject
Project("{9A19103F-16F7-4668-BE54-9A1E7A4F7556}") = "VistaBasket.Order.Service", "VistaBasket.Order.Service\VistaBasket.Order.Service.csproj", "{85B9A0BD-507A-40E2-BD15-0F71EBB72559}"
EndProject
Project("{2150E333-8FDC-42A3-9474-1A3956D46DE8}") = "Client", "Client", "{DC561032-365B-4FBA-A4B6-97AECF541D9E}"
EndProject
Project("{9A19103F-16F7-4668-BE54-9A1E7A4F7556}") = "VistaBasket.Web", "VistaBasket.Web\VistaBasket.Web.csproj", "{6B52302A-8204-47CD-84C9-637D9DE26BFF}"
EndProject
Project("{2150E333-8FDC-42A3-9474-1A3956D46DE8}") = "EmailAPI", "EmailAPI", "{E9FDECD0-AA17-452A-B4EF-577765431CC9}"
EndProject
Project("{9A19103F-16F7-4668-BE54-9A1E7A4F7556}") = "VistaBasket.Email.WebAPI", "VistaBasket.Email.WebAPI\VistaBasket.Email.WebAPI.csproj", "{D1C15B50-36BB-4D27-AEAB-A5CF44E572BC}"
EndProject
Project("{2150E333-8FDC-42A3-9474-1A3956D46DE8}") = "Integration", "Integration", "{6CEE6E28-E44E-4D86-9373-7ADFBF1E9297}"
EndProject
Project("{9A19103F-16F7-4668-BE54-9A1E7A4F7556}") = "VistaBasket.MessageBus", "VistaBasket.MessageBus\VistaBasket.MessageBus.csproj", "{3E77CE72-613E-4075-BB83-72F1F98DD5DC}"
EndProject
Project("{E53339B2-1760-4266-BCC7-CA923CBCF16C}") = "docker-compose", "docker-compose.dcproj", "{FEFF55D6-7992-490D-82CF-B2B2CBBB4DE7}"
EndProject
Project("{2150E333-8FDC-42A3-9474-1A3956D46DE8}") = "Common", "Common", "{B45AB22B-B968-4E14-958F-DB047A7F0033}"
EndProject
Project("{9A19103F-16F7-4668-BE54-9A1E7A4F7556}") = "VistaBasket.Common.Repository", "Common\VistaBasket.Common.Repository\VistaBasket.Common.Repository.csproj", "{04DA1AB5-9D13-49B9-B10F-7F1BB4F19B9F}"
EndProject
Project("{2150E333-8FDC-42A3-9474-1A3956D46DE8}") = "InventoryAPI", "InventoryAPI", "{8763D5AA-BB5F-409B-9A35-9AAD173CC0BE}"
EndProject
Project("{FAE04EC0-301F-11D3-BF4B-00C04F79EFBC}") = "Vistabasket.Inventory.WebAPI", "InventoryAPI\Vistabasket.Inventory.WebAPI\Vistabasket.Inventory.WebAPI.csproj", "{0CE42F4E-F6BD-4E96-8CB3-F66343B26848}"
EndProject
Project("{FAE04EC0-301F-11D3-BF4B-00C04F79EFBC}") = "Vistabasket.Inventory.Data", "InventoryAPI\Vistabasket.Inventory.Data\Vistabasket.Inventory.Data.csproj", "{2230D86A-25E5-48EF-9784-E2338428B7B6}"
EndProject
Project("{FAE04EC0-301F-11D3-BF4B-00C04F79EFBC}") = "Vistabasket.Inventory.Entities", "InventoryAPI\Vistabasket.Inventory.Entities\Vistabasket.Inventory.Entities.csproj", "{B620AB85-1D4D-47B8-BCD8-1D7834623744}"
EndProject
Project("{FAE04EC0-301F-11D3-BF4B-00C04F79EFBC}") = "Vistabasket.Inventory.Service", "InventoryAPI\Vistabasket.Inventory.Service\Vistabasket.Inventory.Service.csproj", "{8EB562DC-3B8C-423A-A9B8-8ACA39A04EA7}"
EndProject
Global
	GlobalSection(SolutionConfigurationPlatforms) = preSolution
		Debug|Any CPU = Debug|Any CPU
		Release|Any CPU = Release|Any CPU
	EndGlobalSection
	GlobalSection(ProjectConfigurationPlatforms) = postSolution
		{B28073B8-55B3-4697-B0B0-C0F4ADDD805F}.Debug|Any CPU.ActiveCfg = Debug|Any CPU
		{B28073B8-55B3-4697-B0B0-C0F4ADDD805F}.Debug|Any CPU.Build.0 = Debug|Any CPU
		{B28073B8-55B3-4697-B0B0-C0F4ADDD805F}.Release|Any CPU.ActiveCfg = Release|Any CPU
		{B28073B8-55B3-4697-B0B0-C0F4ADDD805F}.Release|Any CPU.Build.0 = Release|Any CPU
		{3E6FBE6E-467E-4506-BA60-1851DEEA482F}.Debug|Any CPU.ActiveCfg = Debug|Any CPU
		{3E6FBE6E-467E-4506-BA60-1851DEEA482F}.Debug|Any CPU.Build.0 = Debug|Any CPU
		{3E6FBE6E-467E-4506-BA60-1851DEEA482F}.Release|Any CPU.ActiveCfg = Release|Any CPU
		{3E6FBE6E-467E-4506-BA60-1851DEEA482F}.Release|Any CPU.Build.0 = Release|Any CPU
		{46E29843-9BC6-4AD8-9E89-9630FDF676F2}.Debug|Any CPU.ActiveCfg = Debug|Any CPU
		{46E29843-9BC6-4AD8-9E89-9630FDF676F2}.Debug|Any CPU.Build.0 = Debug|Any CPU
		{46E29843-9BC6-4AD8-9E89-9630FDF676F2}.Release|Any CPU.ActiveCfg = Release|Any CPU
		{46E29843-9BC6-4AD8-9E89-9630FDF676F2}.Release|Any CPU.Build.0 = Release|Any CPU
		{E7AF5B83-23E9-48E0-AE14-2E835903A261}.Debug|Any CPU.ActiveCfg = Debug|Any CPU
		{E7AF5B83-23E9-48E0-AE14-2E835903A261}.Debug|Any CPU.Build.0 = Debug|Any CPU
		{E7AF5B83-23E9-48E0-AE14-2E835903A261}.Release|Any CPU.ActiveCfg = Release|Any CPU
		{E7AF5B83-23E9-48E0-AE14-2E835903A261}.Release|Any CPU.Build.0 = Release|Any CPU
		{C12B7CC9-D363-4F9E-88DE-1C7FD270C873}.Debug|Any CPU.ActiveCfg = Debug|Any CPU
		{C12B7CC9-D363-4F9E-88DE-1C7FD270C873}.Debug|Any CPU.Build.0 = Debug|Any CPU
		{C12B7CC9-D363-4F9E-88DE-1C7FD270C873}.Release|Any CPU.ActiveCfg = Release|Any CPU
		{C12B7CC9-D363-4F9E-88DE-1C7FD270C873}.Release|Any CPU.Build.0 = Release|Any CPU
		{73AFFEA8-732E-47C5-9269-3A11F7717981}.Debug|Any CPU.ActiveCfg = Debug|Any CPU
		{73AFFEA8-732E-47C5-9269-3A11F7717981}.Debug|Any CPU.Build.0 = Debug|Any CPU
		{73AFFEA8-732E-47C5-9269-3A11F7717981}.Release|Any CPU.ActiveCfg = Release|Any CPU
		{73AFFEA8-732E-47C5-9269-3A11F7717981}.Release|Any CPU.Build.0 = Release|Any CPU
		{D12053FF-41E3-4AA2-ADE4-105969ADD875}.Debug|Any CPU.ActiveCfg = Debug|Any CPU
		{D12053FF-41E3-4AA2-ADE4-105969ADD875}.Debug|Any CPU.Build.0 = Debug|Any CPU
		{D12053FF-41E3-4AA2-ADE4-105969ADD875}.Release|Any CPU.ActiveCfg = Release|Any CPU
		{D12053FF-41E3-4AA2-ADE4-105969ADD875}.Release|Any CPU.Build.0 = Release|Any CPU
		{54858CD1-77B1-42D7-80FE-D22107B1A048}.Debug|Any CPU.ActiveCfg = Debug|Any CPU
		{54858CD1-77B1-42D7-80FE-D22107B1A048}.Debug|Any CPU.Build.0 = Debug|Any CPU
		{54858CD1-77B1-42D7-80FE-D22107B1A048}.Release|Any CPU.ActiveCfg = Release|Any CPU
		{54858CD1-77B1-42D7-80FE-D22107B1A048}.Release|Any CPU.Build.0 = Release|Any CPU
		{4E086A85-3C16-425B-87F7-2EB49501190B}.Debug|Any CPU.ActiveCfg = Debug|Any CPU
		{4E086A85-3C16-425B-87F7-2EB49501190B}.Debug|Any CPU.Build.0 = Debug|Any CPU
		{4E086A85-3C16-425B-87F7-2EB49501190B}.Release|Any CPU.ActiveCfg = Release|Any CPU
		{4E086A85-3C16-425B-87F7-2EB49501190B}.Release|Any CPU.Build.0 = Release|Any CPU
		{56EA9CCE-0C7E-4A6B-8703-2341D6C8F22D}.Debug|Any CPU.ActiveCfg = Debug|Any CPU
		{56EA9CCE-0C7E-4A6B-8703-2341D6C8F22D}.Debug|Any CPU.Build.0 = Debug|Any CPU
		{56EA9CCE-0C7E-4A6B-8703-2341D6C8F22D}.Release|Any CPU.ActiveCfg = Release|Any CPU
		{56EA9CCE-0C7E-4A6B-8703-2341D6C8F22D}.Release|Any CPU.Build.0 = Release|Any CPU
		{9F098841-3AD4-475A-9F7F-912752F2799A}.Debug|Any CPU.ActiveCfg = Debug|Any CPU
		{9F098841-3AD4-475A-9F7F-912752F2799A}.Debug|Any CPU.Build.0 = Debug|Any CPU
		{9F098841-3AD4-475A-9F7F-912752F2799A}.Release|Any CPU.ActiveCfg = Release|Any CPU
		{9F098841-3AD4-475A-9F7F-912752F2799A}.Release|Any CPU.Build.0 = Release|Any CPU
		{85B9A0BD-507A-40E2-BD15-0F71EBB72559}.Debug|Any CPU.ActiveCfg = Debug|Any CPU
		{85B9A0BD-507A-40E2-BD15-0F71EBB72559}.Debug|Any CPU.Build.0 = Debug|Any CPU
		{85B9A0BD-507A-40E2-BD15-0F71EBB72559}.Release|Any CPU.ActiveCfg = Release|Any CPU
		{85B9A0BD-507A-40E2-BD15-0F71EBB72559}.Release|Any CPU.Build.0 = Release|Any CPU
		{6B52302A-8204-47CD-84C9-637D9DE26BFF}.Debug|Any CPU.ActiveCfg = Debug|Any CPU
		{6B52302A-8204-47CD-84C9-637D9DE26BFF}.Debug|Any CPU.Build.0 = Debug|Any CPU
		{6B52302A-8204-47CD-84C9-637D9DE26BFF}.Release|Any CPU.ActiveCfg = Release|Any CPU
		{6B52302A-8204-47CD-84C9-637D9DE26BFF}.Release|Any CPU.Build.0 = Release|Any CPU
		{D1C15B50-36BB-4D27-AEAB-A5CF44E572BC}.Debug|Any CPU.ActiveCfg = Debug|Any CPU
		{D1C15B50-36BB-4D27-AEAB-A5CF44E572BC}.Debug|Any CPU.Build.0 = Debug|Any CPU
		{D1C15B50-36BB-4D27-AEAB-A5CF44E572BC}.Release|Any CPU.ActiveCfg = Release|Any CPU
		{D1C15B50-36BB-4D27-AEAB-A5CF44E572BC}.Release|Any CPU.Build.0 = Release|Any CPU
		{3E77CE72-613E-4075-BB83-72F1F98DD5DC}.Debug|Any CPU.ActiveCfg = Debug|Any CPU
		{3E77CE72-613E-4075-BB83-72F1F98DD5DC}.Debug|Any CPU.Build.0 = Debug|Any CPU
		{3E77CE72-613E-4075-BB83-72F1F98DD5DC}.Release|Any CPU.ActiveCfg = Release|Any CPU
		{3E77CE72-613E-4075-BB83-72F1F98DD5DC}.Release|Any CPU.Build.0 = Release|Any CPU
		{FEFF55D6-7992-490D-82CF-B2B2CBBB4DE7}.Debug|Any CPU.ActiveCfg = Debug|Any CPU
		{FEFF55D6-7992-490D-82CF-B2B2CBBB4DE7}.Debug|Any CPU.Build.0 = Debug|Any CPU
		{FEFF55D6-7992-490D-82CF-B2B2CBBB4DE7}.Release|Any CPU.ActiveCfg = Release|Any CPU
		{FEFF55D6-7992-490D-82CF-B2B2CBBB4DE7}.Release|Any CPU.Build.0 = Release|Any CPU
		{04DA1AB5-9D13-49B9-B10F-7F1BB4F19B9F}.Debug|Any CPU.ActiveCfg = Debug|Any CPU
		{04DA1AB5-9D13-49B9-B10F-7F1BB4F19B9F}.Debug|Any CPU.Build.0 = Debug|Any CPU
		{04DA1AB5-9D13-49B9-B10F-7F1BB4F19B9F}.Release|Any CPU.ActiveCfg = Release|Any CPU
		{04DA1AB5-9D13-49B9-B10F-7F1BB4F19B9F}.Release|Any CPU.Build.0 = Release|Any CPU
		{0CE42F4E-F6BD-4E96-8CB3-F66343B26848}.Debug|Any CPU.ActiveCfg = Debug|Any CPU
		{0CE42F4E-F6BD-4E96-8CB3-F66343B26848}.Debug|Any CPU.Build.0 = Debug|Any CPU
		{0CE42F4E-F6BD-4E96-8CB3-F66343B26848}.Release|Any CPU.ActiveCfg = Release|Any CPU
		{0CE42F4E-F6BD-4E96-8CB3-F66343B26848}.Release|Any CPU.Build.0 = Release|Any CPU
		{2230D86A-25E5-48EF-9784-E2338428B7B6}.Debug|Any CPU.ActiveCfg = Debug|Any CPU
		{2230D86A-25E5-48EF-9784-E2338428B7B6}.Debug|Any CPU.Build.0 = Debug|Any CPU
		{2230D86A-25E5-48EF-9784-E2338428B7B6}.Release|Any CPU.ActiveCfg = Release|Any CPU
		{2230D86A-25E5-48EF-9784-E2338428B7B6}.Release|Any CPU.Build.0 = Release|Any CPU
		{B620AB85-1D4D-47B8-BCD8-1D7834623744}.Debug|Any CPU.ActiveCfg = Debug|Any CPU
		{B620AB85-1D4D-47B8-BCD8-1D7834623744}.Debug|Any CPU.Build.0 = Debug|Any CPU
		{B620AB85-1D4D-47B8-BCD8-1D7834623744}.Release|Any CPU.ActiveCfg = Release|Any CPU
		{B620AB85-1D4D-47B8-BCD8-1D7834623744}.Release|Any CPU.Build.0 = Release|Any CPU
		{8EB562DC-3B8C-423A-A9B8-8ACA39A04EA7}.Debug|Any CPU.ActiveCfg = Debug|Any CPU
		{8EB562DC-3B8C-423A-A9B8-8ACA39A04EA7}.Debug|Any CPU.Build.0 = Debug|Any CPU
		{8EB562DC-3B8C-423A-A9B8-8ACA39A04EA7}.Release|Any CPU.ActiveCfg = Release|Any CPU
		{8EB562DC-3B8C-423A-A9B8-8ACA39A04EA7}.Release|Any CPU.Build.0 = Release|Any CPU
	EndGlobalSection
	GlobalSection(SolutionProperties) = preSolution
		HideSolutionNode = FALSE
	EndGlobalSection
	GlobalSection(NestedProjects) = preSolution
		{EAA7A054-7430-4150-8EF9-8CD0AC9B12B5} = {AF1D6244-B897-495A-9759-5BF12FDC4043}
		{B28073B8-55B3-4697-B0B0-C0F4ADDD805F} = {EAA7A054-7430-4150-8EF9-8CD0AC9B12B5}
		{3E6FBE6E-467E-4506-BA60-1851DEEA482F} = {EAA7A054-7430-4150-8EF9-8CD0AC9B12B5}
		{46E29843-9BC6-4AD8-9E89-9630FDF676F2} = {EAA7A054-7430-4150-8EF9-8CD0AC9B12B5}
		{E7AF5B83-23E9-48E0-AE14-2E835903A261} = {EAA7A054-7430-4150-8EF9-8CD0AC9B12B5}
		{204EA14E-7061-4B11-83A5-35C31A5397A2} = {AF1D6244-B897-495A-9759-5BF12FDC4043}
		{C12B7CC9-D363-4F9E-88DE-1C7FD270C873} = {204EA14E-7061-4B11-83A5-35C31A5397A2}
		{73AFFEA8-732E-47C5-9269-3A11F7717981} = {204EA14E-7061-4B11-83A5-35C31A5397A2}
		{D12053FF-41E3-4AA2-ADE4-105969ADD875} = {204EA14E-7061-4B11-83A5-35C31A5397A2}
		{54858CD1-77B1-42D7-80FE-D22107B1A048} = {204EA14E-7061-4B11-83A5-35C31A5397A2}
		{F8B057E6-0AEA-459A-A8FB-D37E8897A7FC} = {AF1D6244-B897-495A-9759-5BF12FDC4043}
		{4E086A85-3C16-425B-87F7-2EB49501190B} = {F8B057E6-0AEA-459A-A8FB-D37E8897A7FC}
		{56EA9CCE-0C7E-4A6B-8703-2341D6C8F22D} = {F8B057E6-0AEA-459A-A8FB-D37E8897A7FC}
		{9F098841-3AD4-475A-9F7F-912752F2799A} = {F8B057E6-0AEA-459A-A8FB-D37E8897A7FC}
		{85B9A0BD-507A-40E2-BD15-0F71EBB72559} = {F8B057E6-0AEA-459A-A8FB-D37E8897A7FC}
		{6B52302A-8204-47CD-84C9-637D9DE26BFF} = {DC561032-365B-4FBA-A4B6-97AECF541D9E}
		{E9FDECD0-AA17-452A-B4EF-577765431CC9} = {AF1D6244-B897-495A-9759-5BF12FDC4043}
		{D1C15B50-36BB-4D27-AEAB-A5CF44E572BC} = {E9FDECD0-AA17-452A-B4EF-577765431CC9}
		{3E77CE72-613E-4075-BB83-72F1F98DD5DC} = {6CEE6E28-E44E-4D86-9373-7ADFBF1E9297}
		{B45AB22B-B968-4E14-958F-DB047A7F0033} = {AF1D6244-B897-495A-9759-5BF12FDC4043}
		{04DA1AB5-9D13-49B9-B10F-7F1BB4F19B9F} = {B45AB22B-B968-4E14-958F-DB047A7F0033}
		{8763D5AA-BB5F-409B-9A35-9AAD173CC0BE} = {AF1D6244-B897-495A-9759-5BF12FDC4043}
		{0CE42F4E-F6BD-4E96-8CB3-F66343B26848} = {8763D5AA-BB5F-409B-9A35-9AAD173CC0BE}
		{2230D86A-25E5-48EF-9784-E2338428B7B6} = {8763D5AA-BB5F-409B-9A35-9AAD173CC0BE}
		{B620AB85-1D4D-47B8-BCD8-1D7834623744} = {8763D5AA-BB5F-409B-9A35-9AAD173CC0BE}
		{8EB562DC-3B8C-423A-A9B8-8ACA39A04EA7} = {8763D5AA-BB5F-409B-9A35-9AAD173CC0BE}
	EndGlobalSection
	GlobalSection(ExtensibilityGlobals) = postSolution
		SolutionGuid = {997D2E17-104E-4CBA-ABC3-CD3F693BDB5F}
	EndGlobalSection
EndGlobal
